
Microsoft Visual Studio Solution File, Format Version 12.00
# Visual Studio 15
VisualStudioVersion = 15.0.28307.705
MinimumVisualStudioVersion = 10.0.40219.1
Project("{FAE04EC0-301F-11D3-BF4B-00C04F79EFBC}") = "UnitTest", "UnitTest\UnitTest.csproj", "{CD511BDD-7370-4A66-AFB2-F13D1B0EAA00}"
EndProject
Global
	GlobalSection(SolutionConfigurationPlatforms) = preSolution
		Debug|Any CPU = Debug|Any CPU
		Release|Any CPU = Release|Any CPU
	EndGlobalSection
	GlobalSection(ProjectConfigurationPlatforms) = postSolution
		{CD511BDD-7370-4A66-AFB2-F13D1B0EAA00}.Debug|Any CPU.ActiveCfg = Debug|Any CPU
		{CD511BDD-7370-4A66-AFB2-F13D1B0EAA00}.Debug|Any CPU.Build.0 = Debug|Any CPU
		{CD511BDD-7370-4A66-AFB2-F13D1B0EAA00}.Release|Any CPU.ActiveCfg = Release|Any CPU
		{CD511BDD-7370-4A66-AFB2-F13D1B0EAA00}.Release|Any CPU.Build.0 = Release|Any CPU
	EndGlobalSection
	GlobalSection(SolutionProperties) = preSolution
		HideSolutionNode = FALSE
	EndGlobalSection
	GlobalSection(ExtensibilityGlobals) = postSolution
		SolutionGuid = {0CE85790-C860-4315-B947-7B3FA15AB664}
	EndGlobalSection
EndGlobal
